
Microsoft Visual Studio Solution File, Format Version 12.00
# Visual Studio Version 16
VisualStudioVersion = 16.0.31005.135
MinimumVisualStudioVersion = 10.0.40219.1
Project("{9A19103F-16F7-4668-BE54-9A1E7A4F7556}") = "Data", "..\..\Data\Data.csproj", "{90ED54CD-F770-486C-8CF5-C5A4C885C674}"
EndProject
Project("{9A19103F-16F7-4668-BE54-9A1E7A4F7556}") = "Core", "..\..\Core\Core.csproj", "{147A83D6-6006-4116-8E26-BAE85F271731}"
EndProject
Project("{2150E333-8FDC-42A3-9474-1A3956D46DE8}") = "Solution Items", "Solution Items", "{C93C5462-7B5F-4481-B2EF-F9AFCE8E1E78}"
	ProjectSection(SolutionItems) = preProject
		.editorconfig = .editorconfig
		..\..\help\Help_Import.docx = ..\..\help\Help_Import.docx
	EndProjectSection
EndProject
Project("{FAE04EC0-301F-11D3-BF4B-00C04F79EFBC}") = "Creator.GUI", "GUI\Creator.GUI.csproj", "{E559A853-3949-48DF-A1F6-C1F8D84B8F3B}"
EndProject
Project("{2150E333-8FDC-42A3-9474-1A3956D46DE8}") = "Test", "Test", "{89267209-1825-4B00-8861-D85722A0E6B7}"
EndProject
Project("{9A19103F-16F7-4668-BE54-9A1E7A4F7556}") = "Core.Test", "Core.Test\Core.Test.csproj", "{D0896D01-A8B1-4921-B956-36A76BA5E860}"
EndProject
Project("{FAE04EC0-301F-11D3-BF4B-00C04F79EFBC}") = "Creator.Startup", "Creator.Startup\Creator.Startup.csproj", "{2965BE7F-78D7-4672-A449-80E3BF404D05}"
EndProject
Global
	GlobalSection(SolutionConfigurationPlatforms) = preSolution
		Debug|Any CPU = Debug|Any CPU
		Release|Any CPU = Release|Any CPU
	EndGlobalSection
	GlobalSection(ProjectConfigurationPlatforms) = postSolution
		{90ED54CD-F770-486C-8CF5-C5A4C885C674}.Debug|Any CPU.ActiveCfg = Debug|Any CPU
		{90ED54CD-F770-486C-8CF5-C5A4C885C674}.Debug|Any CPU.Build.0 = Debug|Any CPU
		{90ED54CD-F770-486C-8CF5-C5A4C885C674}.Release|Any CPU.ActiveCfg = Release|Any CPU
		{90ED54CD-F770-486C-8CF5-C5A4C885C674}.Release|Any CPU.Build.0 = Release|Any CPU
		{147A83D6-6006-4116-8E26-BAE85F271731}.Debug|Any CPU.ActiveCfg = Debug|Any CPU
		{147A83D6-6006-4116-8E26-BAE85F271731}.Debug|Any CPU.Build.0 = Debug|Any CPU
		{147A83D6-6006-4116-8E26-BAE85F271731}.Release|Any CPU.ActiveCfg = Release|Any CPU
		{147A83D6-6006-4116-8E26-BAE85F271731}.Release|Any CPU.Build.0 = Release|Any CPU
		{E559A853-3949-48DF-A1F6-C1F8D84B8F3B}.Debug|Any CPU.ActiveCfg = Debug|Any CPU
		{E559A853-3949-48DF-A1F6-C1F8D84B8F3B}.Debug|Any CPU.Build.0 = Debug|Any CPU
		{E559A853-3949-48DF-A1F6-C1F8D84B8F3B}.Release|Any CPU.ActiveCfg = Release|Any CPU
		{E559A853-3949-48DF-A1F6-C1F8D84B8F3B}.Release|Any CPU.Build.0 = Release|Any CPU
		{D0896D01-A8B1-4921-B956-36A76BA5E860}.Debug|Any CPU.ActiveCfg = Debug|Any CPU
		{D0896D01-A8B1-4921-B956-36A76BA5E860}.Debug|Any CPU.Build.0 = Debug|Any CPU
		{D0896D01-A8B1-4921-B956-36A76BA5E860}.Release|Any CPU.ActiveCfg = Release|Any CPU
		{D0896D01-A8B1-4921-B956-36A76BA5E860}.Release|Any CPU.Build.0 = Release|Any CPU
		{2965BE7F-78D7-4672-A449-80E3BF404D05}.Debug|Any CPU.ActiveCfg = Debug|Any CPU
		{2965BE7F-78D7-4672-A449-80E3BF404D05}.Debug|Any CPU.Build.0 = Debug|Any CPU
		{2965BE7F-78D7-4672-A449-80E3BF404D05}.Release|Any CPU.ActiveCfg = Release|Any CPU
		{2965BE7F-78D7-4672-A449-80E3BF404D05}.Release|Any CPU.Build.0 = Release|Any CPU
	EndGlobalSection
	GlobalSection(SolutionProperties) = preSolution
		HideSolutionNode = FALSE
	EndGlobalSection
	GlobalSection(NestedProjects) = preSolution
		{D0896D01-A8B1-4921-B956-36A76BA5E860} = {89267209-1825-4B00-8861-D85722A0E6B7}
	EndGlobalSection
	GlobalSection(ExtensibilityGlobals) = postSolution
		SolutionGuid = {8BF8467A-7ED2-41E6-B881-9938BA598AAC}
	EndGlobalSection
EndGlobal
